
Microsoft Visual Studio Solution File, Format Version 12.00
# Visual Studio Version 17
VisualStudioVersion = 17.10.35013.160
MinimumVisualStudioVersion = 10.0.40219.1
Project("{9A19103F-16F7-4668-BE54-9A1E7A4F7556}") = "Placid", "Placid\Placid.csproj", "{8683D238-7B64-4613-8CC5-C94B38E408DC}"
EndProject
Global
	GlobalSection(SolutionConfigurationPlatforms) = preSolution
		Debug|Any CPU = Debug|Any CPU
		Release|Any CPU = Release|Any CPU
	EndGlobalSection
	GlobalSection(ProjectConfigurationPlatforms) = postSolution
		{8683D238-7B64-4613-8CC5-C94B38E408DC}.Debug|Any CPU.ActiveCfg = Debug|Any CPU
		{8683D238-7B64-4613-8CC5-C94B38E408DC}.Debug|Any CPU.Build.0 = Debug|Any CPU
		{8683D238-7B64-4613-8CC5-C94B38E408DC}.Release|Any CPU.ActiveCfg = Release|Any CPU
		{8683D238-7B64-4613-8CC5-C94B38E408DC}.Release|Any CPU.Build.0 = Release|Any CPU
	EndGlobalSection
	GlobalSection(SolutionProperties) = preSolution
		HideSolutionNode = FALSE
	EndGlobalSection
	GlobalSection(ExtensibilityGlobals) = postSolution
		SolutionGuid = {AFAA1789-38D9-485C-85C8-2C0E78719108}
	EndGlobalSection
EndGlobal
